
Microsoft Visual Studio Solution File, Format Version 12.00
# Visual Studio 15
VisualStudioVersion = 15.0.27703.2026
MinimumVisualStudioVersion = 10.0.40219.1
Project("{FAE04EC0-301F-11D3-BF4B-00C04F79EFBC}") = "Xamarin.Poke.Android", "Xamarin.Poke\Xamarin.Poke.Android\Xamarin.Poke.Android.csproj", "{607C9DBC-AA47-46DF-B4A6-A71C98C7C1A0}"
EndProject
Project("{FAE04EC0-301F-11D3-BF4B-00C04F79EFBC}") = "Xamarin.Poke.iOS", "Xamarin.Poke\Xamarin.Poke.iOS\Xamarin.Poke.iOS.csproj", "{C0C0D2B8-F503-46FA-9C0A-31F5983499BA}"
EndProject
Project("{9A19103F-16F7-4668-BE54-9A1E7A4F7556}") = "Xamarin.Poke", "Xamarin.Poke\Xamarin.Poke\Xamarin.Poke.csproj", "{DB45E313-6BC5-44AC-8938-5AE594E5E119}"
EndProject
Project("{FAE04EC0-301F-11D3-BF4B-00C04F79EFBC}") = "Poke.Model", "Poke.Model\Poke.Model.csproj", "{8C90D31E-D9B2-4B92-81DF-5B7514A16D79}"
EndProject
Project("{FAE04EC0-301F-11D3-BF4B-00C04F79EFBC}") = "Poke.Repository", "Poke.Repository\Poke.Repository.csproj", "{75D30397-4FE4-4E11-B24F-28FF6F4C3EEE}"
EndProject
Project("{FAE04EC0-301F-11D3-BF4B-00C04F79EFBC}") = "Poke.Repository.PokeApi", "Poke.Repository.PokeApi\Poke.Repository.PokeApi.csproj", "{3B3EE593-193C-4B05-B350-24D87F67525D}"
EndProject
Global
	GlobalSection(SolutionConfigurationPlatforms) = preSolution
		Ad-Hoc|Any CPU = Ad-Hoc|Any CPU
		Ad-Hoc|iPhone = Ad-Hoc|iPhone
		Ad-Hoc|iPhoneSimulator = Ad-Hoc|iPhoneSimulator
		AppStore|Any CPU = AppStore|Any CPU
		AppStore|iPhone = AppStore|iPhone
		AppStore|iPhoneSimulator = AppStore|iPhoneSimulator
		Debug|Any CPU = Debug|Any CPU
		Debug|iPhone = Debug|iPhone
		Debug|iPhoneSimulator = Debug|iPhoneSimulator
		Release|Any CPU = Release|Any CPU
		Release|iPhone = Release|iPhone
		Release|iPhoneSimulator = Release|iPhoneSimulator
	EndGlobalSection
	GlobalSection(ProjectConfigurationPlatforms) = postSolution
		{607C9DBC-AA47-46DF-B4A6-A71C98C7C1A0}.Ad-Hoc|Any CPU.ActiveCfg = Release|Any CPU
		{607C9DBC-AA47-46DF-B4A6-A71C98C7C1A0}.Ad-Hoc|Any CPU.Build.0 = Release|Any CPU
		{607C9DBC-AA47-46DF-B4A6-A71C98C7C1A0}.Ad-Hoc|Any CPU.Deploy.0 = Release|Any CPU
		{607C9DBC-AA47-46DF-B4A6-A71C98C7C1A0}.Ad-Hoc|iPhone.ActiveCfg = Release|Any CPU
		{607C9DBC-AA47-46DF-B4A6-A71C98C7C1A0}.Ad-Hoc|iPhone.Build.0 = Release|Any CPU
		{607C9DBC-AA47-46DF-B4A6-A71C98C7C1A0}.Ad-Hoc|iPhone.Deploy.0 = Release|Any CPU
		{607C9DBC-AA47-46DF-B4A6-A71C98C7C1A0}.Ad-Hoc|iPhoneSimulator.ActiveCfg = Release|Any CPU
		{607C9DBC-AA47-46DF-B4A6-A71C98C7C1A0}.Ad-Hoc|iPhoneSimulator.Build.0 = Release|Any CPU
		{607C9DBC-AA47-46DF-B4A6-A71C98C7C1A0}.Ad-Hoc|iPhoneSimulator.Deploy.0 = Release|Any CPU
		{607C9DBC-AA47-46DF-B4A6-A71C98C7C1A0}.AppStore|Any CPU.ActiveCfg = Release|Any CPU
		{607C9DBC-AA47-46DF-B4A6-A71C98C7C1A0}.AppStore|Any CPU.Build.0 = Release|Any CPU
		{607C9DBC-AA47-46DF-B4A6-A71C98C7C1A0}.AppStore|Any CPU.Deploy.0 = Release|Any CPU
		{607C9DBC-AA47-46DF-B4A6-A71C98C7C1A0}.AppStore|iPhone.ActiveCfg = Release|Any CPU
		{607C9DBC-AA47-46DF-B4A6-A71C98C7C1A0}.AppStore|iPhone.Build.0 = Release|Any CPU
		{607C9DBC-AA47-46DF-B4A6-A71C98C7C1A0}.AppStore|iPhone.Deploy.0 = Release|Any CPU
		{607C9DBC-AA47-46DF-B4A6-A71C98C7C1A0}.AppStore|iPhoneSimulator.ActiveCfg = Release|Any CPU
		{607C9DBC-AA47-46DF-B4A6-A71C98C7C1A0}.AppStore|iPhoneSimulator.Build.0 = Release|Any CPU
		{607C9DBC-AA47-46DF-B4A6-A71C98C7C1A0}.AppStore|iPhoneSimulator.Deploy.0 = Release|Any CPU
		{607C9DBC-AA47-46DF-B4A6-A71C98C7C1A0}.Debug|Any CPU.ActiveCfg = Debug|Any CPU
		{607C9DBC-AA47-46DF-B4A6-A71C98C7C1A0}.Debug|Any CPU.Build.0 = Debug|Any CPU
		{607C9DBC-AA47-46DF-B4A6-A71C98C7C1A0}.Debug|Any CPU.Deploy.0 = Debug|Any CPU
		{607C9DBC-AA47-46DF-B4A6-A71C98C7C1A0}.Debug|iPhone.ActiveCfg = Debug|Any CPU
		{607C9DBC-AA47-46DF-B4A6-A71C98C7C1A0}.Debug|iPhone.Build.0 = Debug|Any CPU
		{607C9DBC-AA47-46DF-B4A6-A71C98C7C1A0}.Debug|iPhone.Deploy.0 = Debug|Any CPU
		{607C9DBC-AA47-46DF-B4A6-A71C98C7C1A0}.Debug|iPhoneSimulator.ActiveCfg = Debug|Any CPU
		{607C9DBC-AA47-46DF-B4A6-A71C98C7C1A0}.Debug|iPhoneSimulator.Build.0 = Debug|Any CPU
		{607C9DBC-AA47-46DF-B4A6-A71C98C7C1A0}.Debug|iPhoneSimulator.Deploy.0 = Debug|Any CPU
		{607C9DBC-AA47-46DF-B4A6-A71C98C7C1A0}.Release|Any CPU.ActiveCfg = Release|Any CPU
		{607C9DBC-AA47-46DF-B4A6-A71C98C7C1A0}.Release|Any CPU.Build.0 = Release|Any CPU
		{607C9DBC-AA47-46DF-B4A6-A71C98C7C1A0}.Release|Any CPU.Deploy.0 = Release|Any CPU
		{607C9DBC-AA47-46DF-B4A6-A71C98C7C1A0}.Release|iPhone.ActiveCfg = Release|Any CPU
		{607C9DBC-AA47-46DF-B4A6-A71C98C7C1A0}.Release|iPhone.Build.0 = Release|Any CPU
		{607C9DBC-AA47-46DF-B4A6-A71C98C7C1A0}.Release|iPhone.Deploy.0 = Release|Any CPU
		{607C9DBC-AA47-46DF-B4A6-A71C98C7C1A0}.Release|iPhoneSimulator.ActiveCfg = Release|Any CPU
		{607C9DBC-AA47-46DF-B4A6-A71C98C7C1A0}.Release|iPhoneSimulator.Build.0 = Release|Any CPU
		{607C9DBC-AA47-46DF-B4A6-A71C98C7C1A0}.Release|iPhoneSimulator.Deploy.0 = Release|Any CPU
		{C0C0D2B8-F503-46FA-9C0A-31F5983499BA}.Ad-Hoc|Any CPU.ActiveCfg = Ad-Hoc|iPhone
		{C0C0D2B8-F503-46FA-9C0A-31F5983499BA}.Ad-Hoc|Any CPU.Build.0 = Ad-Hoc|iPhone
		{C0C0D2B8-F503-46FA-9C0A-31F5983499BA}.Ad-Hoc|Any CPU.Deploy.0 = Ad-Hoc|iPhone
		{C0C0D2B8-F503-46FA-9C0A-31F5983499BA}.Ad-Hoc|iPhone.ActiveCfg = Ad-Hoc|iPhone
		{C0C0D2B8-F503-46FA-9C0A-31F5983499BA}.Ad-Hoc|iPhone.Build.0 = Ad-Hoc|iPhone
		{C0C0D2B8-F503-46FA-9C0A-31F5983499BA}.Ad-Hoc|iPhone.Deploy.0 = Ad-Hoc|iPhone
		{C0C0D2B8-F503-46FA-9C0A-31F5983499BA}.Ad-Hoc|iPhoneSimulator.ActiveCfg = Ad-Hoc|iPhoneSimulator
		{C0C0D2B8-F503-46FA-9C0A-31F5983499BA}.Ad-Hoc|iPhoneSimulator.Build.0 = Ad-Hoc|iPhoneSimulator
		{C0C0D2B8-F503-46FA-9C0A-31F5983499BA}.Ad-Hoc|iPhoneSimulator.Deploy.0 = Ad-Hoc|iPhoneSimulator
		{C0C0D2B8-F503-46FA-9C0A-31F5983499BA}.AppStore|Any CPU.ActiveCfg = AppStore|iPhone
		{C0C0D2B8-F503-46FA-9C0A-31F5983499BA}.AppStore|Any CPU.Build.0 = AppStore|iPhone
		{C0C0D2B8-F503-46FA-9C0A-31F5983499BA}.AppStore|Any CPU.Deploy.0 = AppStore|iPhone
		{C0C0D2B8-F503-46FA-9C0A-31F5983499BA}.AppStore|iPhone.ActiveCfg = AppStore|iPhone
		{C0C0D2B8-F503-46FA-9C0A-31F5983499BA}.AppStore|iPhone.Build.0 = AppStore|iPhone
		{C0C0D2B8-F503-46FA-9C0A-31F5983499BA}.AppStore|iPhone.Deploy.0 = AppStore|iPhone
		{C0C0D2B8-F503-46FA-9C0A-31F5983499BA}.AppStore|iPhoneSimulator.ActiveCfg = AppStore|iPhoneSimulator
		{C0C0D2B8-F503-46FA-9C0A-31F5983499BA}.AppStore|iPhoneSimulator.Build.0 = AppStore|iPhoneSimulator
		{C0C0D2B8-F503-46FA-9C0A-31F5983499BA}.AppStore|iPhoneSimulator.Deploy.0 = AppStore|iPhoneSimulator
		{C0C0D2B8-F503-46FA-9C0A-31F5983499BA}.Debug|Any CPU.ActiveCfg = Debug|iPhoneSimulator
		{C0C0D2B8-F503-46FA-9C0A-31F5983499BA}.Debug|Any CPU.Build.0 = Debug|iPhoneSimulator
		{C0C0D2B8-F503-46FA-9C0A-31F5983499BA}.Debug|Any CPU.Deploy.0 = Debug|iPhoneSimulator
		{C0C0D2B8-F503-46FA-9C0A-31F5983499BA}.Debug|iPhone.ActiveCfg = Debug|iPhone
		{C0C0D2B8-F503-46FA-9C0A-31F5983499BA}.Debug|iPhone.Build.0 = Debug|iPhone
		{C0C0D2B8-F503-46FA-9C0A-31F5983499BA}.Debug|iPhone.Deploy.0 = Debug|iPhone
		{C0C0D2B8-F503-46FA-9C0A-31F5983499BA}.Debug|iPhoneSimulator.ActiveCfg = Debug|iPhoneSimulator
		{C0C0D2B8-F503-46FA-9C0A-31F5983499BA}.Debug|iPhoneSimulator.Build.0 = Debug|iPhoneSimulator
		{C0C0D2B8-F503-46FA-9C0A-31F5983499BA}.Debug|iPhoneSimulator.Deploy.0 = Debug|iPhoneSimulator
		{C0C0D2B8-F503-46FA-9C0A-31F5983499BA}.Release|Any CPU.ActiveCfg = Release|iPhone
		{C0C0D2B8-F503-46FA-9C0A-31F5983499BA}.Release|Any CPU.Build.0 = Release|iPhone
		{C0C0D2B8-F503-46FA-9C0A-31F5983499BA}.Release|Any CPU.Deploy.0 = Release|iPhone
		{C0C0D2B8-F503-46FA-9C0A-31F5983499BA}.Release|iPhone.ActiveCfg = Release|iPhone
		{C0C0D2B8-F503-46FA-9C0A-31F5983499BA}.Release|iPhone.Build.0 = Release|iPhone
		{C0C0D2B8-F503-46FA-9C0A-31F5983499BA}.Release|iPhone.Deploy.0 = Release|iPhone
		{C0C0D2B8-F503-46FA-9C0A-31F5983499BA}.Release|iPhoneSimulator.ActiveCfg = Release|iPhoneSimulator
		{C0C0D2B8-F503-46FA-9C0A-31F5983499BA}.Release|iPhoneSimulator.Build.0 = Release|iPhoneSimulator
		{C0C0D2B8-F503-46FA-9C0A-31F5983499BA}.Release|iPhoneSimulator.Deploy.0 = Release|iPhoneSimulator
		{DB45E313-6BC5-44AC-8938-5AE594E5E119}.Ad-Hoc|Any CPU.ActiveCfg = Debug|Any CPU
		{DB45E313-6BC5-44AC-8938-5AE594E5E119}.Ad-Hoc|Any CPU.Build.0 = Debug|Any CPU
		{DB45E313-6BC5-44AC-8938-5AE594E5E119}.Ad-Hoc|Any CPU.Deploy.0 = Debug|Any CPU
		{DB45E313-6BC5-44AC-8938-5AE594E5E119}.Ad-Hoc|iPhone.ActiveCfg = Debug|Any CPU
		{DB45E313-6BC5-44AC-8938-5AE594E5E119}.Ad-Hoc|iPhone.Build.0 = Debug|Any CPU
		{DB45E313-6BC5-44AC-8938-5AE594E5E119}.Ad-Hoc|iPhone.Deploy.0 = Debug|Any CPU
		{DB45E313-6BC5-44AC-8938-5AE594E5E119}.Ad-Hoc|iPhoneSimulator.ActiveCfg = Debug|Any CPU
		{DB45E313-6BC5-44AC-8938-5AE594E5E119}.Ad-Hoc|iPhoneSimulator.Build.0 = Debug|Any CPU
		{DB45E313-6BC5-44AC-8938-5AE594E5E119}.Ad-Hoc|iPhoneSimulator.Deploy.0 = Debug|Any CPU
		{DB45E313-6BC5-44AC-8938-5AE594E5E119}.AppStore|Any CPU.ActiveCfg = Debug|Any CPU
		{DB45E313-6BC5-44AC-8938-5AE594E5E119}.AppStore|Any CPU.Build.0 = Debug|Any CPU
		{DB45E313-6BC5-44AC-8938-5AE594E5E119}.AppStore|Any CPU.Deploy.0 = Debug|Any CPU
		{DB45E313-6BC5-44AC-8938-5AE594E5E119}.AppStore|iPhone.ActiveCfg = Debug|Any CPU
		{DB45E313-6BC5-44AC-8938-5AE594E5E119}.AppStore|iPhone.Build.0 = Debug|Any CPU
		{DB45E313-6BC5-44AC-8938-5AE594E5E119}.AppStore|iPhone.Deploy.0 = Debug|Any CPU
		{DB45E313-6BC5-44AC-8938-5AE594E5E119}.AppStore|iPhoneSimulator.ActiveCfg = Debug|Any CPU
		{DB45E313-6BC5-44AC-8938-5AE594E5E119}.AppStore|iPhoneSimulator.Build.0 = Debug|Any CPU
		{DB45E313-6BC5-44AC-8938-5AE594E5E119}.AppStore|iPhoneSimulator.Deploy.0 = Debug|Any CPU
		{DB45E313-6BC5-44AC-8938-5AE594E5E119}.Debug|Any CPU.ActiveCfg = Debug|Any CPU
		{DB45E313-6BC5-44AC-8938-5AE594E5E119}.Debug|Any CPU.Build.0 = Debug|Any CPU
		{DB45E313-6BC5-44AC-8938-5AE594E5E119}.Debug|Any CPU.Deploy.0 = Debug|Any CPU
		{DB45E313-6BC5-44AC-8938-5AE594E5E119}.Debug|iPhone.ActiveCfg = Debug|Any CPU
		{DB45E313-6BC5-44AC-8938-5AE594E5E119}.Debug|iPhone.Build.0 = Debug|Any CPU
		{DB45E313-6BC5-44AC-8938-5AE594E5E119}.Debug|iPhone.Deploy.0 = Debug|Any CPU
		{DB45E313-6BC5-44AC-8938-5AE594E5E119}.Debug|iPhoneSimulator.ActiveCfg = Debug|Any CPU
		{DB45E313-6BC5-44AC-8938-5AE594E5E119}.Debug|iPhoneSimulator.Build.0 = Debug|Any CPU
		{DB45E313-6BC5-44AC-8938-5AE594E5E119}.Debug|iPhoneSimulator.Deploy.0 = Debug|Any CPU
		{DB45E313-6BC5-44AC-8938-5AE594E5E119}.Release|Any CPU.ActiveCfg = Release|Any CPU
		{DB45E313-6BC5-44AC-8938-5AE594E5E119}.Release|Any CPU.Build.0 = Release|Any CPU
		{DB45E313-6BC5-44AC-8938-5AE594E5E119}.Release|Any CPU.Deploy.0 = Release|Any CPU
		{DB45E313-6BC5-44AC-8938-5AE594E5E119}.Release|iPhone.ActiveCfg = Release|Any CPU
		{DB45E313-6BC5-44AC-8938-5AE594E5E119}.Release|iPhone.Build.0 = Release|Any CPU
		{DB45E313-6BC5-44AC-8938-5AE594E5E119}.Release|iPhone.Deploy.0 = Release|Any CPU
		{DB45E313-6BC5-44AC-8938-5AE594E5E119}.Release|iPhoneSimulator.ActiveCfg = Release|Any CPU
		{DB45E313-6BC5-44AC-8938-5AE594E5E119}.Release|iPhoneSimulator.Build.0 = Release|Any CPU
		{DB45E313-6BC5-44AC-8938-5AE594E5E119}.Release|iPhoneSimulator.Deploy.0 = Release|Any CPU
		{8C90D31E-D9B2-4B92-81DF-5B7514A16D79}.Ad-Hoc|Any CPU.ActiveCfg = Debug|Any CPU
		{8C90D31E-D9B2-4B92-81DF-5B7514A16D79}.Ad-Hoc|Any CPU.Build.0 = Debug|Any CPU
		{8C90D31E-D9B2-4B92-81DF-5B7514A16D79}.Ad-Hoc|iPhone.ActiveCfg = Debug|Any CPU
		{8C90D31E-D9B2-4B92-81DF-5B7514A16D79}.Ad-Hoc|iPhone.Build.0 = Debug|Any CPU
		{8C90D31E-D9B2-4B92-81DF-5B7514A16D79}.Ad-Hoc|iPhoneSimulator.ActiveCfg = Debug|Any CPU
		{8C90D31E-D9B2-4B92-81DF-5B7514A16D79}.Ad-Hoc|iPhoneSimulator.Build.0 = Debug|Any CPU
		{8C90D31E-D9B2-4B92-81DF-5B7514A16D79}.AppStore|Any CPU.ActiveCfg = Debug|Any CPU
		{8C90D31E-D9B2-4B92-81DF-5B7514A16D79}.AppStore|Any CPU.Build.0 = Debug|Any CPU
		{8C90D31E-D9B2-4B92-81DF-5B7514A16D79}.AppStore|iPhone.ActiveCfg = Debug|Any CPU
		{8C90D31E-D9B2-4B92-81DF-5B7514A16D79}.AppStore|iPhone.Build.0 = Debug|Any CPU
		{8C90D31E-D9B2-4B92-81DF-5B7514A16D79}.AppStore|iPhoneSimulator.ActiveCfg = Debug|Any CPU
		{8C90D31E-D9B2-4B92-81DF-5B7514A16D79}.AppStore|iPhoneSimulator.Build.0 = Debug|Any CPU
		{8C90D31E-D9B2-4B92-81DF-5B7514A16D79}.Debug|Any CPU.ActiveCfg = Debug|Any CPU
		{8C90D31E-D9B2-4B92-81DF-5B7514A16D79}.Debug|Any CPU.Build.0 = Debug|Any CPU
		{8C90D31E-D9B2-4B92-81DF-5B7514A16D79}.Debug|iPhone.ActiveCfg = Debug|Any CPU
		{8C90D31E-D9B2-4B92-81DF-5B7514A16D79}.Debug|iPhone.Build.0 = Debug|Any CPU
		{8C90D31E-D9B2-4B92-81DF-5B7514A16D79}.Debug|iPhoneSimulator.ActiveCfg = Debug|Any CPU
		{8C90D31E-D9B2-4B92-81DF-5B7514A16D79}.Debug|iPhoneSimulator.Build.0 = Debug|Any CPU
		{8C90D31E-D9B2-4B92-81DF-5B7514A16D79}.Release|Any CPU.ActiveCfg = Release|Any CPU
		{8C90D31E-D9B2-4B92-81DF-5B7514A16D79}.Release|Any CPU.Build.0 = Release|Any CPU
		{8C90D31E-D9B2-4B92-81DF-5B7514A16D79}.Release|iPhone.ActiveCfg = Release|Any CPU
		{8C90D31E-D9B2-4B92-81DF-5B7514A16D79}.Release|iPhone.Build.0 = Release|Any CPU
		{8C90D31E-D9B2-4B92-81DF-5B7514A16D79}.Release|iPhoneSimulator.ActiveCfg = Release|Any CPU
		{8C90D31E-D9B2-4B92-81DF-5B7514A16D79}.Release|iPhoneSimulator.Build.0 = Release|Any CPU
		{75D30397-4FE4-4E11-B24F-28FF6F4C3EEE}.Ad-Hoc|Any CPU.ActiveCfg = Debug|Any CPU
		{75D30397-4FE4-4E11-B24F-28FF6F4C3EEE}.Ad-Hoc|Any CPU.Build.0 = Debug|Any CPU
		{75D30397-4FE4-4E11-B24F-28FF6F4C3EEE}.Ad-Hoc|iPhone.ActiveCfg = Debug|Any CPU
		{75D30397-4FE4-4E11-B24F-28FF6F4C3EEE}.Ad-Hoc|iPhone.Build.0 = Debug|Any CPU
		{75D30397-4FE4-4E11-B24F-28FF6F4C3EEE}.Ad-Hoc|iPhoneSimulator.ActiveCfg = Debug|Any CPU
		{75D30397-4FE4-4E11-B24F-28FF6F4C3EEE}.Ad-Hoc|iPhoneSimulator.Build.0 = Debug|Any CPU
		{75D30397-4FE4-4E11-B24F-28FF6F4C3EEE}.AppStore|Any CPU.ActiveCfg = Debug|Any CPU
		{75D30397-4FE4-4E11-B24F-28FF6F4C3EEE}.AppStore|Any CPU.Build.0 = Debug|Any CPU
		{75D30397-4FE4-4E11-B24F-28FF6F4C3EEE}.AppStore|iPhone.ActiveCfg = Debug|Any CPU
		{75D30397-4FE4-4E11-B24F-28FF6F4C3EEE}.AppStore|iPhone.Build.0 = Debug|Any CPU
		{75D30397-4FE4-4E11-B24F-28FF6F4C3EEE}.AppStore|iPhoneSimulator.ActiveCfg = Debug|Any CPU
		{75D30397-4FE4-4E11-B24F-28FF6F4C3EEE}.AppStore|iPhoneSimulator.Build.0 = Debug|Any CPU
		{75D30397-4FE4-4E11-B24F-28FF6F4C3EEE}.Debug|Any CPU.ActiveCfg = Debug|Any CPU
		{75D30397-4FE4-4E11-B24F-28FF6F4C3EEE}.Debug|Any CPU.Build.0 = Debug|Any CPU
		{75D30397-4FE4-4E11-B24F-28FF6F4C3EEE}.Debug|iPhone.ActiveCfg = Debug|Any CPU
		{75D30397-4FE4-4E11-B24F-28FF6F4C3EEE}.Debug|iPhone.Build.0 = Debug|Any CPU
		{75D30397-4FE4-4E11-B24F-28FF6F4C3EEE}.Debug|iPhoneSimulator.ActiveCfg = Debug|Any CPU
		{75D30397-4FE4-4E11-B24F-28FF6F4C3EEE}.Debug|iPhoneSimulator.Build.0 = Debug|Any CPU
		{75D30397-4FE4-4E11-B24F-28FF6F4C3EEE}.Release|Any CPU.ActiveCfg = Release|Any CPU
		{75D30397-4FE4-4E11-B24F-28FF6F4C3EEE}.Release|Any CPU.Build.0 = Release|Any CPU
		{75D30397-4FE4-4E11-B24F-28FF6F4C3EEE}.Release|iPhone.ActiveCfg = Release|Any CPU
		{75D30397-4FE4-4E11-B24F-28FF6F4C3EEE}.Release|iPhone.Build.0 = Release|Any CPU
		{75D30397-4FE4-4E11-B24F-28FF6F4C3EEE}.Release|iPhoneSimulator.ActiveCfg = Release|Any CPU
		{75D30397-4FE4-4E11-B24F-28FF6F4C3EEE}.Release|iPhoneSimulator.Build.0 = Release|Any CPU
		{3B3EE593-193C-4B05-B350-24D87F67525D}.Ad-Hoc|Any CPU.ActiveCfg = Debug|Any CPU
		{3B3EE593-193C-4B05-B350-24D87F67525D}.Ad-Hoc|Any CPU.Build.0 = Debug|Any CPU
		{3B3EE593-193C-4B05-B350-24D87F67525D}.Ad-Hoc|iPhone.ActiveCfg = Debug|Any CPU
		{3B3EE593-193C-4B05-B350-24D87F67525D}.Ad-Hoc|iPhone.Build.0 = Debug|Any CPU
		{3B3EE593-193C-4B05-B350-24D87F67525D}.Ad-Hoc|iPhoneSimulator.ActiveCfg = Debug|Any CPU
		{3B3EE593-193C-4B05-B350-24D87F67525D}.Ad-Hoc|iPhoneSimulator.Build.0 = Debug|Any CPU
		{3B3EE593-193C-4B05-B350-24D87F67525D}.AppStore|Any CPU.ActiveCfg = Debug|Any CPU
		{3B3EE593-193C-4B05-B350-24D87F67525D}.AppStore|Any CPU.Build.0 = Debug|Any CPU
		{3B3EE593-193C-4B05-B350-24D87F67525D}.AppStore|iPhone.ActiveCfg = Debug|Any CPU
		{3B3EE593-193C-4B05-B350-24D87F67525D}.AppStore|iPhone.Build.0 = Debug|Any CPU
		{3B3EE593-193C-4B05-B350-24D87F67525D}.AppStore|iPhoneSimulator.ActiveCfg = Debug|Any CPU
		{3B3EE593-193C-4B05-B350-24D87F67525D}.AppStore|iPhoneSimulator.Build.0 = Debug|Any CPU
		{3B3EE593-193C-4B05-B350-24D87F67525D}.Debug|Any CPU.ActiveCfg = Debug|Any CPU
		{3B3EE593-193C-4B05-B350-24D87F67525D}.Debug|Any CPU.Build.0 = Debug|Any CPU
		{3B3EE593-193C-4B05-B350-24D87F67525D}.Debug|iPhone.ActiveCfg = Debug|Any CPU
		{3B3EE593-193C-4B05-B350-24D87F67525D}.Debug|iPhone.Build.0 = Debug|Any CPU
		{3B3EE593-193C-4B05-B350-24D87F67525D}.Debug|iPhoneSimulator.ActiveCfg = Debug|Any CPU
		{3B3EE593-193C-4B05-B350-24D87F67525D}.Debug|iPhoneSimulator.Build.0 = Debug|Any CPU
		{3B3EE593-193C-4B05-B350-24D87F67525D}.Release|Any CPU.ActiveCfg = Release|Any CPU
		{3B3EE593-193C-4B05-B350-24D87F67525D}.Release|Any CPU.Build.0 = Release|Any CPU
		{3B3EE593-193C-4B05-B350-24D87F67525D}.Release|iPhone.ActiveCfg = Release|Any CPU
		{3B3EE593-193C-4B05-B350-24D87F67525D}.Release|iPhone.Build.0 = Release|Any CPU
		{3B3EE593-193C-4B05-B350-24D87F67525D}.Release|iPhoneSimulator.ActiveCfg = Release|Any CPU
		{3B3EE593-193C-4B05-B350-24D87F67525D}.Release|iPhoneSimulator.Build.0 = Release|Any CPU
	EndGlobalSection
	GlobalSection(SolutionProperties) = preSolution
		HideSolutionNode = FALSE
	EndGlobalSection
	GlobalSection(ExtensibilityGlobals) = postSolution
		SolutionGuid = {A0C6D18A-6E2C-4395-9D2C-7EE7B977BD34}
	EndGlobalSection
EndGlobal
